
Microsoft Visual Studio Solution File, Format Version 12.00
# Visual Studio 15
VisualStudioVersion = 15.0.27428.2015
MinimumVisualStudioVersion = 10.0.40219.1
Project("{FAE04EC0-301F-11D3-BF4B-00C04F79EFBC}") = "Angular Coding Challenge", "Angular Coding Challenge\Angular Coding Challenge.csproj", "{95CFA32D-F6B4-4B18-9D2A-F7BBF31F14BC}"
EndProject
Project("{FAE04EC0-301F-11D3-BF4B-00C04F79EFBC}") = "Angular Coding Challenge.Tests", "Angular Coding Challenge.Tests\Angular Coding Challenge.Tests.csproj", "{3C41379C-61BD-4B8B-BDCE-FF0A46FF846B}"
EndProject
Global
	GlobalSection(SolutionConfigurationPlatforms) = preSolution
		Debug|Any CPU = Debug|Any CPU
		Release|Any CPU = Release|Any CPU
	EndGlobalSection
	GlobalSection(ProjectConfigurationPlatforms) = postSolution
		{95CFA32D-F6B4-4B18-9D2A-F7BBF31F14BC}.Debug|Any CPU.ActiveCfg = Debug|Any CPU
		{95CFA32D-F6B4-4B18-9D2A-F7BBF31F14BC}.Debug|Any CPU.Build.0 = Debug|Any CPU
		{95CFA32D-F6B4-4B18-9D2A-F7BBF31F14BC}.Release|Any CPU.ActiveCfg = Release|Any CPU
		{95CFA32D-F6B4-4B18-9D2A-F7BBF31F14BC}.Release|Any CPU.Build.0 = Release|Any CPU
		{3C41379C-61BD-4B8B-BDCE-FF0A46FF846B}.Debug|Any CPU.ActiveCfg = Debug|Any CPU
		{3C41379C-61BD-4B8B-BDCE-FF0A46FF846B}.Debug|Any CPU.Build.0 = Debug|Any CPU
		{3C41379C-61BD-4B8B-BDCE-FF0A46FF846B}.Release|Any CPU.ActiveCfg = Release|Any CPU
		{3C41379C-61BD-4B8B-BDCE-FF0A46FF846B}.Release|Any CPU.Build.0 = Release|Any CPU
	EndGlobalSection
	GlobalSection(SolutionProperties) = preSolution
		HideSolutionNode = FALSE
	EndGlobalSection
	GlobalSection(ExtensibilityGlobals) = postSolution
		SolutionGuid = {7C5C2049-80F8-44FB-AC0D-E48F79F6918C}
	EndGlobalSection
EndGlobal
